
Microsoft Visual Studio Solution File, Format Version 12.00
# Visual Studio Version 17
VisualStudioVersion = 17.4.33205.214
MinimumVisualStudioVersion = 10.0.40219.1
Project("{9A19103F-16F7-4668-BE54-9A1E7A4F7556}") = "TopLearn.Web", "TopLearn.Web\TopLearn.Web.csproj", "{8F3A4D79-3BA1-40C4-A758-7B49249D43CE}"
EndProject
Project("{9A19103F-16F7-4668-BE54-9A1E7A4F7556}") = "TopLearn.DataLayer", "TopLearn.DataLayer\TopLearn.DataLayer.csproj", "{7AE7AC62-9593-40D3-9EAB-7E34E8862966}"
EndProject
Project("{9A19103F-16F7-4668-BE54-9A1E7A4F7556}") = "TopLearn.Core", "TopLearn.Core\TopLearn.Core.csproj", "{700F224F-C538-42A3-85AC-4BA4250C9344}"
EndProject
Global
	GlobalSection(SolutionConfigurationPlatforms) = preSolution
		Debug|Any CPU = Debug|Any CPU
		Release|Any CPU = Release|Any CPU
	EndGlobalSection
	GlobalSection(ProjectConfigurationPlatforms) = postSolution
		{8F3A4D79-3BA1-40C4-A758-7B49249D43CE}.Debug|Any CPU.ActiveCfg = Debug|Any CPU
		{8F3A4D79-3BA1-40C4-A758-7B49249D43CE}.Debug|Any CPU.Build.0 = Debug|Any CPU
		{8F3A4D79-3BA1-40C4-A758-7B49249D43CE}.Release|Any CPU.ActiveCfg = Release|Any CPU
		{8F3A4D79-3BA1-40C4-A758-7B49249D43CE}.Release|Any CPU.Build.0 = Release|Any CPU
		{7AE7AC62-9593-40D3-9EAB-7E34E8862966}.Debug|Any CPU.ActiveCfg = Debug|Any CPU
		{7AE7AC62-9593-40D3-9EAB-7E34E8862966}.Debug|Any CPU.Build.0 = Debug|Any CPU
		{7AE7AC62-9593-40D3-9EAB-7E34E8862966}.Release|Any CPU.ActiveCfg = Release|Any CPU
		{7AE7AC62-9593-40D3-9EAB-7E34E8862966}.Release|Any CPU.Build.0 = Release|Any CPU
		{700F224F-C538-42A3-85AC-4BA4250C9344}.Debug|Any CPU.ActiveCfg = Debug|Any CPU
		{700F224F-C538-42A3-85AC-4BA4250C9344}.Debug|Any CPU.Build.0 = Debug|Any CPU
		{700F224F-C538-42A3-85AC-4BA4250C9344}.Release|Any CPU.ActiveCfg = Release|Any CPU
		{700F224F-C538-42A3-85AC-4BA4250C9344}.Release|Any CPU.Build.0 = Release|Any CPU
	EndGlobalSection
	GlobalSection(SolutionProperties) = preSolution
		HideSolutionNode = FALSE
	EndGlobalSection
	GlobalSection(ExtensibilityGlobals) = postSolution
		SolutionGuid = {163A4067-FA9F-4D35-9A93-DCA978DB113E}
	EndGlobalSection
EndGlobal
